
Microsoft Visual Studio Solution File, Format Version 12.00
#
Project("{2150E333-8FDC-42A3-9474-1A3956D46DE8}") = "src", "src", "{BC6D98F9-76DC-4212-8299-C2188C8077FB}"
EndProject
Project("{FAE04EC0-301F-11D3-BF4B-00C04F79EFBC}") = "Collector", "src\Collector\Collector.csproj", "{9084BABC-2691-4A24-BFE0-300F5AAE8F84}"
EndProject
Project("{FAE04EC0-301F-11D3-BF4B-00C04F79EFBC}") = "App", "src\App\App.csproj", "{B3A92F49-F2FB-4165-82F6-F8EC3B798878}"
EndProject
Global
	GlobalSection(SolutionConfigurationPlatforms) = preSolution
		Debug|Any CPU = Debug|Any CPU
		Release|Any CPU = Release|Any CPU
	EndGlobalSection
	GlobalSection(NestedProjects) = preSolution
		{51328073-BB76-4E12-8E8C-A7C5D8F304C6} = {03C1D73E-EA44-42FE-8058-43E7152EF2AE}
		{9084BABC-2691-4A24-BFE0-300F5AAE8F84} = {BC6D98F9-76DC-4212-8299-C2188C8077FB}
		{B3A92F49-F2FB-4165-82F6-F8EC3B798878} = {BC6D98F9-76DC-4212-8299-C2188C8077FB}
	EndGlobalSection
	GlobalSection(ProjectConfigurationPlatforms) = postSolution
		{51328073-BB76-4E12-8E8C-A7C5D8F304C6}.Debug|Any CPU.ActiveCfg = Debug|Any CPU
		{51328073-BB76-4E12-8E8C-A7C5D8F304C6}.Debug|Any CPU.Build.0 = Debug|Any CPU
		{51328073-BB76-4E12-8E8C-A7C5D8F304C6}.Release|Any CPU.ActiveCfg = Release|Any CPU
		{51328073-BB76-4E12-8E8C-A7C5D8F304C6}.Release|Any CPU.Build.0 = Release|Any CPU
		{9084BABC-2691-4A24-BFE0-300F5AAE8F84}.Debug|Any CPU.ActiveCfg = Debug|Any CPU
		{9084BABC-2691-4A24-BFE0-300F5AAE8F84}.Debug|Any CPU.Build.0 = Debug|Any CPU
		{9084BABC-2691-4A24-BFE0-300F5AAE8F84}.Release|Any CPU.ActiveCfg = Release|Any CPU
		{9084BABC-2691-4A24-BFE0-300F5AAE8F84}.Release|Any CPU.Build.0 = Release|Any CPU
		{B3A92F49-F2FB-4165-82F6-F8EC3B798878}.Debug|Any CPU.ActiveCfg = Debug|Any CPU
		{B3A92F49-F2FB-4165-82F6-F8EC3B798878}.Debug|Any CPU.Build.0 = Debug|Any CPU
		{B3A92F49-F2FB-4165-82F6-F8EC3B798878}.Release|Any CPU.ActiveCfg = Release|Any CPU
		{B3A92F49-F2FB-4165-82F6-F8EC3B798878}.Release|Any CPU.Build.0 = Release|Any CPU
	EndGlobalSection
EndGlobal
